
Microsoft Visual Studio Solution File, Format Version 12.00
# Visual Studio 15
VisualStudioVersion = 15.0.27428.2037
MinimumVisualStudioVersion = 10.0.40219.1
Project("{FAE04EC0-301F-11D3-BF4B-00C04F79EFBC}") = "SportStream.Web", "SportStream.Web\SportStream.Web.csproj", "{F50651D1-CD2F-4440-AB86-A6CC140E82ED}"
EndProject
Global
	GlobalSection(SolutionConfigurationPlatforms) = preSolution
		Debug|Any CPU = Debug|Any CPU
		Release|Any CPU = Release|Any CPU
	EndGlobalSection
	GlobalSection(ProjectConfigurationPlatforms) = postSolution
		{F50651D1-CD2F-4440-AB86-A6CC140E82ED}.Debug|Any CPU.ActiveCfg = Debug|Any CPU
		{F50651D1-CD2F-4440-AB86-A6CC140E82ED}.Debug|Any CPU.Build.0 = Debug|Any CPU
		{F50651D1-CD2F-4440-AB86-A6CC140E82ED}.Release|Any CPU.ActiveCfg = Release|Any CPU
		{F50651D1-CD2F-4440-AB86-A6CC140E82ED}.Release|Any CPU.Build.0 = Release|Any CPU
	EndGlobalSection
	GlobalSection(SolutionProperties) = preSolution
		HideSolutionNode = FALSE
	EndGlobalSection
	GlobalSection(ExtensibilityGlobals) = postSolution
		SolutionGuid = {2CB93B52-8AB2-4A1A-A65F-9C0D05BC44C9}
	EndGlobalSection
EndGlobal
